
Microsoft Visual Studio Solution File, Format Version 12.00
# Visual Studio Version 17
VisualStudioVersion = 17.0.31903.59
MinimumVisualStudioVersion = 10.0.40219.1
Project("{2150E333-8FDC-42A3-9474-1A3956D46DE8}") = "src", "src", "{827E0CD3-B72D-47B6-A68D-7590B98EB39B}"
EndProject
Project("{FAE04EC0-301F-11D3-BF4B-00C04F79EFBC}") = "NextStep.Domain", "src\NextStep.Domain\NextStep.Domain.csproj", "{5AF076A6-629A-449E-A8C8-DF5FF2E77542}"
EndProject
Project("{FAE04EC0-301F-11D3-BF4B-00C04F79EFBC}") = "NextStep.Application", "src\NextStep.Application\NextStep.Application.csproj", "{05B2FC0C-DB8B-4AED-B78A-C25AEA35DBDA}"
EndProject
Project("{FAE04EC0-301F-11D3-BF4B-00C04F79EFBC}") = "NextStep.Infrastructure", "src\NextStep.Infrastructure\NextStep.Infrastructure.csproj", "{0DC10765-3329-4A22-9F04-E9215DCDF358}"
EndProject
Project("{FAE04EC0-301F-11D3-BF4B-00C04F79EFBC}") = "NextStep.Api", "src\NextStep.Api\NextStep.Api.csproj", "{2E641D04-43BE-4499-93A9-61EFA251ED5E}"
EndProject
Project("{FAE04EC0-301F-11D3-BF4B-00C04F79EFBC}") = "NextStep.Domain.Tests", "tests\NextStep.Domain.Tests\NextStep.Domain.Tests.csproj", "{DDE545EE-DF18-4701-8872-51A54FCBE99C}"
EndProject
Project("{FAE04EC0-301F-11D3-BF4B-00C04F79EFBC}") = "NextStep.Application.Tests", "tests\NextStep.Application.Tests\NextStep.Application.Tests.csproj", "{9C450261-3DA3-4C96-AA6A-D3B3E9EAE52D}"
EndProject
Project("{FAE04EC0-301F-11D3-BF4B-00C04F79EFBC}") = "NextStep.Api.Tests", "tests\NextStep.Api.Tests\NextStep.Api.Tests.csproj", "{473D40B9-3318-401C-BEC6-2D7419F65CA3}"
EndProject
Global
	GlobalSection(SolutionConfigurationPlatforms) = preSolution
		Debug|Any CPU = Debug|Any CPU
		Debug|x64 = Debug|x64
		Debug|x86 = Debug|x86
		Release|Any CPU = Release|Any CPU
		Release|x64 = Release|x64
		Release|x86 = Release|x86
	EndGlobalSection
	GlobalSection(ProjectConfigurationPlatforms) = postSolution
		{5AF076A6-629A-449E-A8C8-DF5FF2E77542}.Debug|Any CPU.ActiveCfg = Debug|Any CPU
		{5AF076A6-629A-449E-A8C8-DF5FF2E77542}.Debug|Any CPU.Build.0 = Debug|Any CPU
		{5AF076A6-629A-449E-A8C8-DF5FF2E77542}.Debug|x64.ActiveCfg = Debug|Any CPU
		{5AF076A6-629A-449E-A8C8-DF5FF2E77542}.Debug|x64.Build.0 = Debug|Any CPU
		{5AF076A6-629A-449E-A8C8-DF5FF2E77542}.Debug|x86.ActiveCfg = Debug|Any CPU
		{5AF076A6-629A-449E-A8C8-DF5FF2E77542}.Debug|x86.Build.0 = Debug|Any CPU
		{5AF076A6-629A-449E-A8C8-DF5FF2E77542}.Release|Any CPU.ActiveCfg = Release|Any CPU
		{5AF076A6-629A-449E-A8C8-DF5FF2E77542}.Release|Any CPU.Build.0 = Release|Any CPU
		{5AF076A6-629A-449E-A8C8-DF5FF2E77542}.Release|x64.ActiveCfg = Release|Any CPU
		{5AF076A6-629A-449E-A8C8-DF5FF2E77542}.Release|x64.Build.0 = Release|Any CPU
		{5AF076A6-629A-449E-A8C8-DF5FF2E77542}.Release|x86.ActiveCfg = Release|Any CPU
		{5AF076A6-629A-449E-A8C8-DF5FF2E77542}.Release|x86.Build.0 = Release|Any CPU
		{05B2FC0C-DB8B-4AED-B78A-C25AEA35DBDA}.Debug|Any CPU.ActiveCfg = Debug|Any CPU
		{05B2FC0C-DB8B-4AED-B78A-C25AEA35DBDA}.Debug|Any CPU.Build.0 = Debug|Any CPU
		{05B2FC0C-DB8B-4AED-B78A-C25AEA35DBDA}.Debug|x64.ActiveCfg = Debug|Any CPU
		{05B2FC0C-DB8B-4AED-B78A-C25AEA35DBDA}.Debug|x64.Build.0 = Debug|Any CPU
		{05B2FC0C-DB8B-4AED-B78A-C25AEA35DBDA}.Debug|x86.ActiveCfg = Debug|Any CPU
		{05B2FC0C-DB8B-4AED-B78A-C25AEA35DBDA}.Debug|x86.Build.0 = Debug|Any CPU
		{05B2FC0C-DB8B-4AED-B78A-C25AEA35DBDA}.Release|Any CPU.ActiveCfg = Release|Any CPU
		{05B2FC0C-DB8B-4AED-B78A-C25AEA35DBDA}.Release|Any CPU.Build.0 = Release|Any CPU
		{05B2FC0C-DB8B-4AED-B78A-C25AEA35DBDA}.Release|x64.ActiveCfg = Release|Any CPU
		{05B2FC0C-DB8B-4AED-B78A-C25AEA35DBDA}.Release|x64.Build.0 = Release|Any CPU
		{05B2FC0C-DB8B-4AED-B78A-C25AEA35DBDA}.Release|x86.ActiveCfg = Release|Any CPU
		{05B2FC0C-DB8B-4AED-B78A-C25AEA35DBDA}.Release|x86.Build.0 = Release|Any CPU
		{0DC10765-3329-4A22-9F04-E9215DCDF358}.Debug|Any CPU.ActiveCfg = Debug|Any CPU
		{0DC10765-3329-4A22-9F04-E9215DCDF358}.Debug|Any CPU.Build.0 = Debug|Any CPU
		{0DC10765-3329-4A22-9F04-E9215DCDF358}.Debug|x64.ActiveCfg = Debug|Any CPU
		{0DC10765-3329-4A22-9F04-E9215DCDF358}.Debug|x64.Build.0 = Debug|Any CPU
		{0DC10765-3329-4A22-9F04-E9215DCDF358}.Debug|x86.ActiveCfg = Debug|Any CPU
		{0DC10765-3329-4A22-9F04-E9215DCDF358}.Debug|x86.Build.0 = Debug|Any CPU
		{0DC10765-3329-4A22-9F04-E9215DCDF358}.Release|Any CPU.ActiveCfg = Release|Any CPU
		{0DC10765-3329-4A22-9F04-E9215DCDF358}.Release|Any CPU.Build.0 = Release|Any CPU
		{0DC10765-3329-4A22-9F04-E9215DCDF358}.Release|x64.ActiveCfg = Release|Any CPU
		{0DC10765-3329-4A22-9F04-E9215DCDF358}.Release|x64.Build.0 = Release|Any CPU
		{0DC10765-3329-4A22-9F04-E9215DCDF358}.Release|x86.ActiveCfg = Release|Any CPU
		{0DC10765-3329-4A22-9F04-E9215DCDF358}.Release|x86.Build.0 = Release|Any CPU
		{2E641D04-43BE-4499-93A9-61EFA251ED5E}.Debug|Any CPU.ActiveCfg = Debug|Any CPU
		{2E641D04-43BE-4499-93A9-61EFA251ED5E}.Debug|Any CPU.Build.0 = Debug|Any CPU
		{2E641D04-43BE-4499-93A9-61EFA251ED5E}.Debug|x64.ActiveCfg = Debug|Any CPU
		{2E641D04-43BE-4499-93A9-61EFA251ED5E}.Debug|x64.Build.0 = Debug|Any CPU
		{2E641D04-43BE-4499-93A9-61EFA251ED5E}.Debug|x86.ActiveCfg = Debug|Any CPU
		{2E641D04-43BE-4499-93A9-61EFA251ED5E}.Debug|x86.Build.0 = Debug|Any CPU
		{2E641D04-43BE-4499-93A9-61EFA251ED5E}.Release|Any CPU.ActiveCfg = Release|Any CPU
		{2E641D04-43BE-4499-93A9-61EFA251ED5E}.Release|Any CPU.Build.0 = Release|Any CPU
		{2E641D04-43BE-4499-93A9-61EFA251ED5E}.Release|x64.ActiveCfg = Release|Any CPU
		{2E641D04-43BE-4499-93A9-61EFA251ED5E}.Release|x64.Build.0 = Release|Any CPU
		{2E641D04-43BE-4499-93A9-61EFA251ED5E}.Release|x86.ActiveCfg = Release|Any CPU
		{2E641D04-43BE-4499-93A9-61EFA251ED5E}.Release|x86.Build.0 = Release|Any CPU
		{DDE545EE-DF18-4701-8872-51A54FCBE99C}.Debug|Any CPU.ActiveCfg = Debug|Any CPU
		{DDE545EE-DF18-4701-8872-51A54FCBE99C}.Debug|Any CPU.Build.0 = Debug|Any CPU
		{DDE545EE-DF18-4701-8872-51A54FCBE99C}.Debug|x64.ActiveCfg = Debug|Any CPU
		{DDE545EE-DF18-4701-8872-51A54FCBE99C}.Debug|x64.Build.0 = Debug|Any CPU
		{DDE545EE-DF18-4701-8872-51A54FCBE99C}.Debug|x86.ActiveCfg = Debug|Any CPU
		{DDE545EE-DF18-4701-8872-51A54FCBE99C}.Debug|x86.Build.0 = Debug|Any CPU
		{DDE545EE-DF18-4701-8872-51A54FCBE99C}.Release|Any CPU.ActiveCfg = Release|Any CPU
		{DDE545EE-DF18-4701-8872-51A54FCBE99C}.Release|Any CPU.Build.0 = Release|Any CPU
		{DDE545EE-DF18-4701-8872-51A54FCBE99C}.Release|x64.ActiveCfg = Release|Any CPU
		{DDE545EE-DF18-4701-8872-51A54FCBE99C}.Release|x64.Build.0 = Release|Any CPU
		{DDE545EE-DF18-4701-8872-51A54FCBE99C}.Release|x86.ActiveCfg = Release|Any CPU
		{DDE545EE-DF18-4701-8872-51A54FCBE99C}.Release|x86.Build.0 = Release|Any CPU
		{9C450261-3DA3-4C96-AA6A-D3B3E9EAE52D}.Debug|Any CPU.ActiveCfg = Debug|Any CPU
		{9C450261-3DA3-4C96-AA6A-D3B3E9EAE52D}.Debug|Any CPU.Build.0 = Debug|Any CPU
		{9C450261-3DA3-4C96-AA6A-D3B3E9EAE52D}.Debug|x64.ActiveCfg = Debug|Any CPU
		{9C450261-3DA3-4C96-AA6A-D3B3E9EAE52D}.Debug|x64.Build.0 = Debug|Any CPU
		{9C450261-3DA3-4C96-AA6A-D3B3E9EAE52D}.Debug|x86.ActiveCfg = Debug|Any CPU
		{9C450261-3DA3-4C96-AA6A-D3B3E9EAE52D}.Debug|x86.Build.0 = Debug|Any CPU
		{9C450261-3DA3-4C96-AA6A-D3B3E9EAE52D}.Release|Any CPU.ActiveCfg = Release|Any CPU
		{9C450261-3DA3-4C96-AA6A-D3B3E9EAE52D}.Release|Any CPU.Build.0 = Release|Any CPU
		{9C450261-3DA3-4C96-AA6A-D3B3E9EAE52D}.Release|x64.ActiveCfg = Release|Any CPU
		{9C450261-3DA3-4C96-AA6A-D3B3E9EAE52D}.Release|x64.Build.0 = Release|Any CPU
		{9C450261-3DA3-4C96-AA6A-D3B3E9EAE52D}.Release|x86.ActiveCfg = Release|Any CPU
		{9C450261-3DA3-4C96-AA6A-D3B3E9EAE52D}.Release|x86.Build.0 = Release|Any CPU
		{473D40B9-3318-401C-BEC6-2D7419F65CA3}.Debug|Any CPU.ActiveCfg = Debug|Any CPU
		{473D40B9-3318-401C-BEC6-2D7419F65CA3}.Debug|Any CPU.Build.0 = Debug|Any CPU
		{473D40B9-3318-401C-BEC6-2D7419F65CA3}.Debug|x64.ActiveCfg = Debug|Any CPU
		{473D40B9-3318-401C-BEC6-2D7419F65CA3}.Debug|x64.Build.0 = Debug|Any CPU
		{473D40B9-3318-401C-BEC6-2D7419F65CA3}.Debug|x86.ActiveCfg = Debug|Any CPU
		{473D40B9-3318-401C-BEC6-2D7419F65CA3}.Debug|x86.Build.0 = Debug|Any CPU
		{473D40B9-3318-401C-BEC6-2D7419F65CA3}.Release|Any CPU.ActiveCfg = Release|Any CPU
		{473D40B9-3318-401C-BEC6-2D7419F65CA3}.Release|Any CPU.Build.0 = Release|Any CPU
		{473D40B9-3318-401C-BEC6-2D7419F65CA3}.Release|x64.ActiveCfg = Release|Any CPU
		{473D40B9-3318-401C-BEC6-2D7419F65CA3}.Release|x64.Build.0 = Release|Any CPU
		{473D40B9-3318-401C-BEC6-2D7419F65CA3}.Release|x86.ActiveCfg = Release|Any CPU
		{473D40B9-3318-401C-BEC6-2D7419F65CA3}.Release|x86.Build.0 = Release|Any CPU
	EndGlobalSection
	GlobalSection(SolutionProperties) = preSolution
		HideSolutionNode = FALSE
	EndGlobalSection
	GlobalSection(NestedProjects) = preSolution
		{5AF076A6-629A-449E-A8C8-DF5FF2E77542} = {827E0CD3-B72D-47B6-A68D-7590B98EB39B}
		{05B2FC0C-DB8B-4AED-B78A-C25AEA35DBDA} = {827E0CD3-B72D-47B6-A68D-7590B98EB39B}
		{0DC10765-3329-4A22-9F04-E9215DCDF358} = {827E0CD3-B72D-47B6-A68D-7590B98EB39B}
		{2E641D04-43BE-4499-93A9-61EFA251ED5E} = {827E0CD3-B72D-47B6-A68D-7590B98EB39B}
		{DDE545EE-DF18-4701-8872-51A54FCBE99C} = {827E0CD3-B72D-47B6-A68D-7590B98EB39B}
		{9C450261-3DA3-4C96-AA6A-D3B3E9EAE52D} = {827E0CD3-B72D-47B6-A68D-7590B98EB39B}
		{473D40B9-3318-401C-BEC6-2D7419F65CA3} = {827E0CD3-B72D-47B6-A68D-7590B98EB39B}
	EndGlobalSection
EndGlobal
